
Microsoft Visual Studio Solution File, Format Version 12.00
# Visual Studio 15
VisualStudioVersion = 15.0.27703.2000
MinimumVisualStudioVersion = 10.0.40219.1
Project("{9A19103F-16F7-4668-BE54-9A1E7A4F7556}") = "Invoro.Api", "Invoro.Api\Invoro.Api.csproj", "{46106C4E-712C-4794-AD8D-54F90A0DDEC0}"
EndProject
Project("{E53339B2-1760-4266-BCC7-CA923CBCF16C}") = "docker-compose", "docker-compose.dcproj", "{BA96C698-FFB0-4E87-9CC5-B80E7B8658D5}"
EndProject
Project("{9A19103F-16F7-4668-BE54-9A1E7A4F7556}") = "Invoro.Api.IntegrationTests", "Invoro.Api.IntegrationTests\Invoro.Api.IntegrationTests.csproj", "{6C15F584-D36C-4407-990C-E0F9E4930A55}"
EndProject
Project("{2150E333-8FDC-42A3-9474-1A3956D46DE8}") = "Tests", "Tests", "{299E7F9A-64D8-4C01-82C5-519F20B3BC73}"
EndProject
Project("{9A19103F-16F7-4668-BE54-9A1E7A4F7556}") = "Invoro.Api.UnitTests", "Invoro.Api.UnitTests\Invoro.Api.UnitTests.csproj", "{1A9DFF45-A2E6-439B-9340-478F628F9E6D}"
EndProject
Global
	GlobalSection(SolutionConfigurationPlatforms) = preSolution
		Debug|Any CPU = Debug|Any CPU
		Release|Any CPU = Release|Any CPU
	EndGlobalSection
	GlobalSection(ProjectConfigurationPlatforms) = postSolution
		{46106C4E-712C-4794-AD8D-54F90A0DDEC0}.Debug|Any CPU.ActiveCfg = Debug|Any CPU
		{46106C4E-712C-4794-AD8D-54F90A0DDEC0}.Debug|Any CPU.Build.0 = Debug|Any CPU
		{46106C4E-712C-4794-AD8D-54F90A0DDEC0}.Release|Any CPU.ActiveCfg = Release|Any CPU
		{46106C4E-712C-4794-AD8D-54F90A0DDEC0}.Release|Any CPU.Build.0 = Release|Any CPU
		{BA96C698-FFB0-4E87-9CC5-B80E7B8658D5}.Debug|Any CPU.ActiveCfg = Debug|Any CPU
		{BA96C698-FFB0-4E87-9CC5-B80E7B8658D5}.Debug|Any CPU.Build.0 = Debug|Any CPU
		{BA96C698-FFB0-4E87-9CC5-B80E7B8658D5}.Release|Any CPU.ActiveCfg = Release|Any CPU
		{BA96C698-FFB0-4E87-9CC5-B80E7B8658D5}.Release|Any CPU.Build.0 = Release|Any CPU
		{6C15F584-D36C-4407-990C-E0F9E4930A55}.Debug|Any CPU.ActiveCfg = Debug|Any CPU
		{6C15F584-D36C-4407-990C-E0F9E4930A55}.Debug|Any CPU.Build.0 = Debug|Any CPU
		{6C15F584-D36C-4407-990C-E0F9E4930A55}.Release|Any CPU.ActiveCfg = Release|Any CPU
		{6C15F584-D36C-4407-990C-E0F9E4930A55}.Release|Any CPU.Build.0 = Release|Any CPU
		{1A9DFF45-A2E6-439B-9340-478F628F9E6D}.Debug|Any CPU.ActiveCfg = Debug|Any CPU
		{1A9DFF45-A2E6-439B-9340-478F628F9E6D}.Debug|Any CPU.Build.0 = Debug|Any CPU
		{1A9DFF45-A2E6-439B-9340-478F628F9E6D}.Release|Any CPU.ActiveCfg = Release|Any CPU
		{1A9DFF45-A2E6-439B-9340-478F628F9E6D}.Release|Any CPU.Build.0 = Release|Any CPU
	EndGlobalSection
	GlobalSection(SolutionProperties) = preSolution
		HideSolutionNode = FALSE
	EndGlobalSection
	GlobalSection(NestedProjects) = preSolution
		{6C15F584-D36C-4407-990C-E0F9E4930A55} = {299E7F9A-64D8-4C01-82C5-519F20B3BC73}
		{1A9DFF45-A2E6-439B-9340-478F628F9E6D} = {299E7F9A-64D8-4C01-82C5-519F20B3BC73}
	EndGlobalSection
	GlobalSection(ExtensibilityGlobals) = postSolution
		SolutionGuid = {85350432-DF62-49EA-A873-A019048C9DD9}
	EndGlobalSection
EndGlobal
